
Microsoft Visual Studio Solution File, Format Version 12.00
# Visual Studio 15
VisualStudioVersion = 15.0.27428.2043
MinimumVisualStudioVersion = 10.0.40219.1
Project("{FAE04EC0-301F-11D3-BF4B-00C04F79EFBC}") = "projekt_przybornik", "projekt_przybornik\projekt_przybornik.csproj", "{B1FD144B-ED30-4865-BAB0-F465BBE0EBEF}"
EndProject
Global
	GlobalSection(SolutionConfigurationPlatforms) = preSolution
		Debug|Any CPU = Debug|Any CPU
		Release|Any CPU = Release|Any CPU
	EndGlobalSection
	GlobalSection(ProjectConfigurationPlatforms) = postSolution
		{B1FD144B-ED30-4865-BAB0-F465BBE0EBEF}.Debug|Any CPU.ActiveCfg = Debug|Any CPU
		{B1FD144B-ED30-4865-BAB0-F465BBE0EBEF}.Debug|Any CPU.Build.0 = Debug|Any CPU
		{B1FD144B-ED30-4865-BAB0-F465BBE0EBEF}.Release|Any CPU.ActiveCfg = Release|Any CPU
		{B1FD144B-ED30-4865-BAB0-F465BBE0EBEF}.Release|Any CPU.Build.0 = Release|Any CPU
	EndGlobalSection
	GlobalSection(SolutionProperties) = preSolution
		HideSolutionNode = FALSE
	EndGlobalSection
	GlobalSection(ExtensibilityGlobals) = postSolution
		SolutionGuid = {8EF10995-197E-430F-8629-F9CB70A98FB4}
	EndGlobalSection
EndGlobal
